
Microsoft Visual Studio Solution File, Format Version 12.00
# Visual Studio Version 16
VisualStudioVersion = 16.0.31911.196
MinimumVisualStudioVersion = 10.0.40219.1
Project("{FAE04EC0-301F-11D3-BF4B-00C04F79EFBC}") = "Sarak.Web", "Sarak\Sarak.Web.csproj", "{0AD3D6E6-3AEA-49F4-BF47-7C0171293DF4}"
EndProject
Project("{FAE04EC0-301F-11D3-BF4B-00C04F79EFBC}") = "Sarak.Data", "Sarak.Data\Sarak.Data.csproj", "{BAB2C1BE-FB1E-4D38-A727-9BAD6E098E44}"
EndProject
Project("{FAE04EC0-301F-11D3-BF4B-00C04F79EFBC}") = "Sarak.Services", "Sarak.Services\Sarak.Services.csproj", "{3935A560-157C-4D57-92D3-10C06C6E2B24}"
EndProject
Project("{FAE04EC0-301F-11D3-BF4B-00C04F79EFBC}") = "Sarak.Models", "Sarak.Models\Sarak.Models.csproj", "{0656049F-7788-4D90-846E-3D1DE6B3DC61}"
EndProject
Project("{FAE04EC0-301F-11D3-BF4B-00C04F79EFBC}") = "Sarak.WebApi", "Sarak.WebApi\Sarak.WebApi.csproj", "{732F7B5C-32B4-48D6-A00B-0551C2E31212}"
EndProject
Global
	GlobalSection(SolutionConfigurationPlatforms) = preSolution
		Debug|Any CPU = Debug|Any CPU
		Release|Any CPU = Release|Any CPU
	EndGlobalSection
	GlobalSection(ProjectConfigurationPlatforms) = postSolution
		{0AD3D6E6-3AEA-49F4-BF47-7C0171293DF4}.Debug|Any CPU.ActiveCfg = Debug|Any CPU
		{0AD3D6E6-3AEA-49F4-BF47-7C0171293DF4}.Debug|Any CPU.Build.0 = Debug|Any CPU
		{0AD3D6E6-3AEA-49F4-BF47-7C0171293DF4}.Release|Any CPU.ActiveCfg = Release|Any CPU
		{0AD3D6E6-3AEA-49F4-BF47-7C0171293DF4}.Release|Any CPU.Build.0 = Release|Any CPU
		{BAB2C1BE-FB1E-4D38-A727-9BAD6E098E44}.Debug|Any CPU.ActiveCfg = Debug|Any CPU
		{BAB2C1BE-FB1E-4D38-A727-9BAD6E098E44}.Debug|Any CPU.Build.0 = Debug|Any CPU
		{BAB2C1BE-FB1E-4D38-A727-9BAD6E098E44}.Release|Any CPU.ActiveCfg = Release|Any CPU
		{BAB2C1BE-FB1E-4D38-A727-9BAD6E098E44}.Release|Any CPU.Build.0 = Release|Any CPU
		{3935A560-157C-4D57-92D3-10C06C6E2B24}.Debug|Any CPU.ActiveCfg = Debug|Any CPU
		{3935A560-157C-4D57-92D3-10C06C6E2B24}.Debug|Any CPU.Build.0 = Debug|Any CPU
		{3935A560-157C-4D57-92D3-10C06C6E2B24}.Release|Any CPU.ActiveCfg = Release|Any CPU
		{3935A560-157C-4D57-92D3-10C06C6E2B24}.Release|Any CPU.Build.0 = Release|Any CPU
		{0656049F-7788-4D90-846E-3D1DE6B3DC61}.Debug|Any CPU.ActiveCfg = Debug|Any CPU
		{0656049F-7788-4D90-846E-3D1DE6B3DC61}.Debug|Any CPU.Build.0 = Debug|Any CPU
		{0656049F-7788-4D90-846E-3D1DE6B3DC61}.Release|Any CPU.ActiveCfg = Release|Any CPU
		{0656049F-7788-4D90-846E-3D1DE6B3DC61}.Release|Any CPU.Build.0 = Release|Any CPU
		{732F7B5C-32B4-48D6-A00B-0551C2E31212}.Debug|Any CPU.ActiveCfg = Debug|Any CPU
		{732F7B5C-32B4-48D6-A00B-0551C2E31212}.Debug|Any CPU.Build.0 = Debug|Any CPU
		{732F7B5C-32B4-48D6-A00B-0551C2E31212}.Release|Any CPU.ActiveCfg = Release|Any CPU
		{732F7B5C-32B4-48D6-A00B-0551C2E31212}.Release|Any CPU.Build.0 = Release|Any CPU
	EndGlobalSection
	GlobalSection(SolutionProperties) = preSolution
		HideSolutionNode = FALSE
	EndGlobalSection
	GlobalSection(ExtensibilityGlobals) = postSolution
		SolutionGuid = {317694D0-5079-4E3F-8523-A69432D852C2}
	EndGlobalSection
EndGlobal
